
Microsoft Visual Studio Solution File, Format Version 12.00
# Visual Studio Version 17
VisualStudioVersion = 17.10.35027.167
MinimumVisualStudioVersion = 10.0.40219.1
Project("{FAE04EC0-301F-11D3-BF4B-00C04F79EFBC}") = "ExamCollege-SystemApp", "ExamCollege-SystemApp.csproj", "{55796D1F-D8B9-4421-9B14-7ADBCB49600C}"
EndProject
Global
	GlobalSection(SolutionConfigurationPlatforms) = preSolution
		Debug|Any CPU = Debug|Any CPU
		Release|Any CPU = Release|Any CPU
	EndGlobalSection
	GlobalSection(ProjectConfigurationPlatforms) = postSolution
		{55796D1F-D8B9-4421-9B14-7ADBCB49600C}.Debug|Any CPU.ActiveCfg = Debug|Any CPU
		{55796D1F-D8B9-4421-9B14-7ADBCB49600C}.Debug|Any CPU.Build.0 = Debug|Any CPU
		{55796D1F-D8B9-4421-9B14-7ADBCB49600C}.Release|Any CPU.ActiveCfg = Release|Any CPU
		{55796D1F-D8B9-4421-9B14-7ADBCB49600C}.Release|Any CPU.Build.0 = Release|Any CPU
	EndGlobalSection
	GlobalSection(SolutionProperties) = preSolution
		HideSolutionNode = FALSE
	EndGlobalSection
	GlobalSection(ExtensibilityGlobals) = postSolution
		SolutionGuid = {FB328E8B-8D04-45E8-ACA6-789414A6285C}
	EndGlobalSection
EndGlobal
